
Microsoft Visual Studio Solution File, Format Version 12.00
# Visual Studio Version 17
VisualStudioVersion = 17.8.34316.72
MinimumVisualStudioVersion = 10.0.40219.1
Project("{FAE04EC0-301F-11D3-BF4B-00C04F79EFBC}") = "Data", "Data\Data.csproj", "{4853EC13-9524-4372-A475-EFD3B9C72E4D}"
EndProject
Project("{FAE04EC0-301F-11D3-BF4B-00C04F79EFBC}") = "Business", "Business\Business.csproj", "{EB4D799E-D5A2-49BA-B781-68DB4348142A}"
EndProject
Project("{FAE04EC0-301F-11D3-BF4B-00C04F79EFBC}") = "Presentation", "Presentation\Presentation.csproj", "{D4BC7F0B-D98C-4669-BEEC-BA79849788FE}"
EndProject
Global
	GlobalSection(SolutionConfigurationPlatforms) = preSolution
		Debug|Any CPU = Debug|Any CPU
		Release|Any CPU = Release|Any CPU
	EndGlobalSection
	GlobalSection(ProjectConfigurationPlatforms) = postSolution
		{4853EC13-9524-4372-A475-EFD3B9C72E4D}.Debug|Any CPU.ActiveCfg = Debug|Any CPU
		{4853EC13-9524-4372-A475-EFD3B9C72E4D}.Debug|Any CPU.Build.0 = Debug|Any CPU
		{4853EC13-9524-4372-A475-EFD3B9C72E4D}.Release|Any CPU.ActiveCfg = Release|Any CPU
		{4853EC13-9524-4372-A475-EFD3B9C72E4D}.Release|Any CPU.Build.0 = Release|Any CPU
		{EB4D799E-D5A2-49BA-B781-68DB4348142A}.Debug|Any CPU.ActiveCfg = Debug|Any CPU
		{EB4D799E-D5A2-49BA-B781-68DB4348142A}.Debug|Any CPU.Build.0 = Debug|Any CPU
		{EB4D799E-D5A2-49BA-B781-68DB4348142A}.Release|Any CPU.ActiveCfg = Release|Any CPU
		{EB4D799E-D5A2-49BA-B781-68DB4348142A}.Release|Any CPU.Build.0 = Release|Any CPU
		{D4BC7F0B-D98C-4669-BEEC-BA79849788FE}.Debug|Any CPU.ActiveCfg = Debug|Any CPU
		{D4BC7F0B-D98C-4669-BEEC-BA79849788FE}.Debug|Any CPU.Build.0 = Debug|Any CPU
		{D4BC7F0B-D98C-4669-BEEC-BA79849788FE}.Release|Any CPU.ActiveCfg = Release|Any CPU
		{D4BC7F0B-D98C-4669-BEEC-BA79849788FE}.Release|Any CPU.Build.0 = Release|Any CPU
	EndGlobalSection
	GlobalSection(SolutionProperties) = preSolution
		HideSolutionNode = FALSE
	EndGlobalSection
	GlobalSection(ExtensibilityGlobals) = postSolution
		SolutionGuid = {C166DE88-7D15-4A00-A858-14FA79D6D521}
	EndGlobalSection
EndGlobal
